// !$*UTF8*$!
{
	archiveVersion = 1;
	classes = {
	};
	objectVersion = 51;
	objects = {

/* Begin PBXBuildFile section */
		4B278AAC961C4C8CDEBF5944 /* Pods_MovieChecker_MovieCheckerUITests.framework in Frameworks */ = {isa = PBXBuildFile; fileRef = 8C98D21854DC4EF5A9A2A415 /* Pods_MovieChecker_MovieCheckerUITests.framework */; };
		9610996A246BD94C00BC867F /* GoogleService-Info.plist in Resources */ = {isa = PBXBuildFile; fileRef = 96109969246BD94C00BC867F /* GoogleService-Info.plist */; };
		9835229C2446F6A100F530B5 /* NewPageViewController.swift in Sources */ = {isa = PBXBuildFile; fileRef = 9835229B2446F6A100F530B5 /* NewPageViewController.swift */; };
		9835229E2446F8C700F530B5 /* MainNavigationController.swift in Sources */ = {isa = PBXBuildFile; fileRef = 9835229D2446F8C700F530B5 /* MainNavigationController.swift */; };
		984B27A62449821E003D84D1 /* MoviesViewController.swift in Sources */ = {isa = PBXBuildFile; fileRef = 984B27A52449821E003D84D1 /* MoviesViewController.swift */; };
		984B27A824498248003D84D1 /* TVShowsViewController.swift in Sources */ = {isa = PBXBuildFile; fileRef = 984B27A724498248003D84D1 /* TVShowsViewController.swift */; };
		984B27B024498B89003D84D1 /* MoviesTableViewController.swift in Sources */ = {isa = PBXBuildFile; fileRef = 984B27AF24498B89003D84D1 /* MoviesTableViewController.swift */; };
		984B27B224499209003D84D1 /* MovieTableViewCell.swift in Sources */ = {isa = PBXBuildFile; fileRef = 984B27B124499209003D84D1 /* MovieTableViewCell.swift */; };
		9863642B2445A292001AB0CA /* MainTabBarController.swift in Sources */ = {isa = PBXBuildFile; fileRef = 9863642A2445A292001AB0CA /* MainTabBarController.swift */; };
		9872FE95245C0691004E3CC3 /* TVShowsTableViewCell.swift in Sources */ = {isa = PBXBuildFile; fileRef = 9872FE94245C0691004E3CC3 /* TVShowsTableViewCell.swift */; };
		9872FE97245C06C0004E3CC3 /* TVShowsTableViewController.swift in Sources */ = {isa = PBXBuildFile; fileRef = 9872FE96245C06C0004E3CC3 /* TVShowsTableViewController.swift */; };
		9878CBBE24434BA30068B043 /* AppDelegate.swift in Sources */ = {isa = PBXBuildFile; fileRef = 9878CBBD24434BA30068B043 /* AppDelegate.swift */; };
		9878CBC024434BA30068B043 /* SceneDelegate.swift in Sources */ = {isa = PBXBuildFile; fileRef = 9878CBBF24434BA30068B043 /* SceneDelegate.swift */; };
		9878CBC224434BA30068B043 /* ViewController.swift in Sources */ = {isa = PBXBuildFile; fileRef = 9878CBC124434BA30068B043 /* ViewController.swift */; };
		9878CBC524434BA30068B043 /* Main.storyboard in Resources */ = {isa = PBXBuildFile; fileRef = 9878CBC324434BA30068B043 /* Main.storyboard */; };
		9878CBC724434BA40068B043 /* Assets.xcassets in Resources */ = {isa = PBXBuildFile; fileRef = 9878CBC624434BA40068B043 /* Assets.xcassets */; };
		9878CBCA24434BA40068B043 /* LaunchScreen.storyboard in Resources */ = {isa = PBXBuildFile; fileRef = 9878CBC824434BA40068B043 /* LaunchScreen.storyboard */; };
		9878CBD524434BA40068B043 /* MovieCheckerTests.swift in Sources */ = {isa = PBXBuildFile; fileRef = 9878CBD424434BA40068B043 /* MovieCheckerTests.swift */; };
		9878CBE024434BA40068B043 /* MovieCheckerUITests.swift in Sources */ = {isa = PBXBuildFile; fileRef = 9878CBDF24434BA40068B043 /* MovieCheckerUITests.swift */; };
		98B114AC24446456000A284D /* HomePageViewController.swift in Sources */ = {isa = PBXBuildFile; fileRef = 98B114AB24446456000A284D /* HomePageViewController.swift */; };
		A98BF064B8A0A5B426B4CCF9 /* Pods_MovieChecker.framework in Frameworks */ = {isa = PBXBuildFile; fileRef = D0855E5976933503242CA75A /* Pods_MovieChecker.framework */; };
		D1344FB9DCB419755462D625 /* Pods_MovieCheckerTests.framework in Frameworks */ = {isa = PBXBuildFile; fileRef = AD73150E86DB6FA1C0666559 /* Pods_MovieCheckerTests.framework */; };
/* End PBXBuildFile section */

/* Begin PBXContainerItemProxy section */
		9878CBD124434BA40068B043 /* PBXContainerItemProxy */ = {
			isa = PBXContainerItemProxy;
			containerPortal = 9878CBB224434BA30068B043 /* Project object */;
			proxyType = 1;
			remoteGlobalIDString = 9878CBB924434BA30068B043;
			remoteInfo = MovieChecker;
		};
		9878CBDC24434BA40068B043 /* PBXContainerItemProxy */ = {
			isa = PBXContainerItemProxy;
			containerPortal = 9878CBB224434BA30068B043 /* Project object */;
			proxyType = 1;
			remoteGlobalIDString = 9878CBB924434BA30068B043;
			remoteInfo = MovieChecker;
		};
/* End PBXContainerItemProxy section */

/* Begin PBXFileReference section */
		06F9D2F396612F45366E7524 /* Pods-MovieChecker-MovieCheckerUITests.debug.xcconfig */ = {isa = PBXFileReference; includeInIndex = 1; lastKnownFileType = text.xcconfig; name = "Pods-MovieChecker-MovieCheckerUITests.debug.xcconfig"; path = "Target Support Files/Pods-MovieChecker-MovieCheckerUITests/Pods-MovieChecker-MovieCheckerUITests.debug.xcconfig"; sourceTree = "<group>"; };
		2082E8A21536FB4F9EC21832 /* Pods-MovieCheckerTests.debug.xcconfig */ = {isa = PBXFileReference; includeInIndex = 1; lastKnownFileType = text.xcconfig; name = "Pods-MovieCheckerTests.debug.xcconfig"; path = "Target Support Files/Pods-MovieCheckerTests/Pods-MovieCheckerTests.debug.xcconfig"; sourceTree = "<group>"; };
		606D08CDDD2E1A80EC2585D2 /* Pods-MovieCheckerTests.release.xcconfig */ = {isa = PBXFileReference; includeInIndex = 1; lastKnownFileType = text.xcconfig; name = "Pods-MovieCheckerTests.release.xcconfig"; path = "Target Support Files/Pods-MovieCheckerTests/Pods-MovieCheckerTests.release.xcconfig"; sourceTree = "<group>"; };
		8C98D21854DC4EF5A9A2A415 /* Pods_MovieChecker_MovieCheckerUITests.framework */ = {isa = PBXFileReference; explicitFileType = wrapper.framework; includeInIndex = 0; path = Pods_MovieChecker_MovieCheckerUITests.framework; sourceTree = BUILT_PRODUCTS_DIR; };
		96109969246BD94C00BC867F /* GoogleService-Info.plist */ = {isa = PBXFileReference; fileEncoding = 4; lastKnownFileType = text.plist.xml; path = "GoogleService-Info.plist"; sourceTree = "<group>"; };
		9835229B2446F6A100F530B5 /* NewPageViewController.swift */ = {isa = PBXFileReference; lastKnownFileType = sourcecode.swift; path = NewPageViewController.swift; sourceTree = "<group>"; };
		9835229D2446F8C700F530B5 /* MainNavigationController.swift */ = {isa = PBXFileReference; lastKnownFileType = sourcecode.swift; path = MainNavigationController.swift; sourceTree = "<group>"; };
		984B27A52449821E003D84D1 /* MoviesViewController.swift */ = {isa = PBXFileReference; lastKnownFileType = sourcecode.swift; path = MoviesViewController.swift; sourceTree = "<group>"; };
		984B27A724498248003D84D1 /* TVShowsViewController.swift */ = {isa = PBXFileReference; lastKnownFileType = sourcecode.swift; path = TVShowsViewController.swift; sourceTree = "<group>"; };
		984B27AF24498B89003D84D1 /* MoviesTableViewController.swift */ = {isa = PBXFileReference; lastKnownFileType = sourcecode.swift; path = MoviesTableViewController.swift; sourceTree = "<group>"; };
		984B27B124499209003D84D1 /* MovieTableViewCell.swift */ = {isa = PBXFileReference; lastKnownFileType = sourcecode.swift; path = MovieTableViewCell.swift; sourceTree = "<group>"; };
		9863642A2445A292001AB0CA /* MainTabBarController.swift */ = {isa = PBXFileReference; lastKnownFileType = sourcecode.swift; path = MainTabBarController.swift; sourceTree = "<group>"; };
		9872FE94245C0691004E3CC3 /* TVShowsTableViewCell.swift */ = {isa = PBXFileReference; lastKnownFileType = sourcecode.swift; path = TVShowsTableViewCell.swift; sourceTree = "<group>"; };
		9872FE96245C06C0004E3CC3 /* TVShowsTableViewController.swift */ = {isa = PBXFileReference; lastKnownFileType = sourcecode.swift; path = TVShowsTableViewController.swift; sourceTree = "<group>"; };
		9878CBBA24434BA30068B043 /* MovieChecker.app */ = {isa = PBXFileReference; explicitFileType = wrapper.application; includeInIndex = 0; path = MovieChecker.app; sourceTree = BUILT_PRODUCTS_DIR; };
		9878CBBD24434BA30068B043 /* AppDelegate.swift */ = {isa = PBXFileReference; lastKnownFileType = sourcecode.swift; path = AppDelegate.swift; sourceTree = "<group>"; };
		9878CBBF24434BA30068B043 /* SceneDelegate.swift */ = {isa = PBXFileReference; lastKnownFileType = sourcecode.swift; path = SceneDelegate.swift; sourceTree = "<group>"; };
		9878CBC124434BA30068B043 /* ViewController.swift */ = {isa = PBXFileReference; lastKnownFileType = sourcecode.swift; path = ViewController.swift; sourceTree = "<group>"; };
		9878CBC424434BA30068B043 /* Base */ = {isa = PBXFileReference; lastKnownFileType = file.storyboard; name = Base; path = Base.lproj/Main.storyboard; sourceTree = "<group>"; };
		9878CBC624434BA40068B043 /* Assets.xcassets */ = {isa = PBXFileReference; lastKnownFileType = folder.assetcatalog; path = Assets.xcassets; sourceTree = "<group>"; };
		9878CBC924434BA40068B043 /* Base */ = {isa = PBXFileReference; lastKnownFileType = file.storyboard; name = Base; path = Base.lproj/LaunchScreen.storyboard; sourceTree = "<group>"; };
		9878CBCB24434BA40068B043 /* Info.plist */ = {isa = PBXFileReference; lastKnownFileType = text.plist.xml; path = Info.plist; sourceTree = "<group>"; };
		9878CBD024434BA40068B043 /* MovieCheckerTests.xctest */ = {isa = PBXFileReference; explicitFileType = wrapper.cfbundle; includeInIndex = 0; path = MovieCheckerTests.xctest; sourceTree = BUILT_PRODUCTS_DIR; };
		9878CBD424434BA40068B043 /* MovieCheckerTests.swift */ = {isa = PBXFileReference; lastKnownFileType = sourcecode.swift; path = MovieCheckerTests.swift; sourceTree = "<group>"; };
		9878CBD624434BA40068B043 /* Info.plist */ = {isa = PBXFileReference; lastKnownFileType = text.plist.xml; path = Info.plist; sourceTree = "<group>"; };
		9878CBDB24434BA40068B043 /* MovieCheckerUITests.xctest */ = {isa = PBXFileReference; explicitFileType = wrapper.cfbundle; includeInIndex = 0; path = MovieCheckerUITests.xctest; sourceTree = BUILT_PRODUCTS_DIR; };
		9878CBDF24434BA40068B043 /* MovieCheckerUITests.swift */ = {isa = PBXFileReference; lastKnownFileType = sourcecode.swift; path = MovieCheckerUITests.swift; sourceTree = "<group>"; };
		9878CBE124434BA40068B043 /* Info.plist */ = {isa = PBXFileReference; lastKnownFileType = text.plist.xml; path = Info.plist; sourceTree = "<group>"; };
		98B114AB24446456000A284D /* HomePageViewController.swift */ = {isa = PBXFileReference; lastKnownFileType = sourcecode.swift; path = HomePageViewController.swift; sourceTree = "<group>"; };
		A1EA9B7A67FA7B79C9157126 /* Pods-MovieChecker.release.xcconfig */ = {isa = PBXFileReference; includeInIndex = 1; lastKnownFileType = text.xcconfig; name = "Pods-MovieChecker.release.xcconfig"; path = "Target Support Files/Pods-MovieChecker/Pods-MovieChecker.release.xcconfig"; sourceTree = "<group>"; };
		AD73150E86DB6FA1C0666559 /* Pods_MovieCheckerTests.framework */ = {isa = PBXFileReference; explicitFileType = wrapper.framework; includeInIndex = 0; path = Pods_MovieCheckerTests.framework; sourceTree = BUILT_PRODUCTS_DIR; };
		C104B6D4FDEBBE627CEFDAB2 /* Pods-MovieChecker.debug.xcconfig */ = {isa = PBXFileReference; includeInIndex = 1; lastKnownFileType = text.xcconfig; name = "Pods-MovieChecker.debug.xcconfig"; path = "Target Support Files/Pods-MovieChecker/Pods-MovieChecker.debug.xcconfig"; sourceTree = "<group>"; };
		D0855E5976933503242CA75A /* Pods_MovieChecker.framework */ = {isa = PBXFileReference; explicitFileType = wrapper.framework; includeInIndex = 0; path = Pods_MovieChecker.framework; sourceTree = BUILT_PRODUCTS_DIR; };
		E69D16A7BCFB890E55980C05 /* Pods-MovieChecker-MovieCheckerUITests.release.xcconfig */ = {isa = PBXFileReference; includeInIndex = 1; lastKnownFileType = text.xcconfig; name = "Pods-MovieChecker-MovieCheckerUITests.release.xcconfig"; path = "Target Support Files/Pods-MovieChecker-MovieCheckerUITests/Pods-MovieChecker-MovieCheckerUITests.release.xcconfig"; sourceTree = "<group>"; };
/* End PBXFileReference section */

/* Begin PBXFrameworksBuildPhase section */
		9878CBB724434BA30068B043 /* Frameworks */ = {
			isa = PBXFrameworksBuildPhase;
			buildActionMask = 2147483647;
			files = (
				A98BF064B8A0A5B426B4CCF9 /* Pods_MovieChecker.framework in Frameworks */,
			);
			runOnlyForDeploymentPostprocessing = 0;
		};
		9878CBCD24434BA40068B043 /* Frameworks */ = {
			isa = PBXFrameworksBuildPhase;
			buildActionMask = 2147483647;
			files = (
				D1344FB9DCB419755462D625 /* Pods_MovieCheckerTests.framework in Frameworks */,
			);
			runOnlyForDeploymentPostprocessing = 0;
		};
		9878CBD824434BA40068B043 /* Frameworks */ = {
			isa = PBXFrameworksBuildPhase;
			buildActionMask = 2147483647;
			files = (
				4B278AAC961C4C8CDEBF5944 /* Pods_MovieChecker_MovieCheckerUITests.framework in Frameworks */,
			);
			runOnlyForDeploymentPostprocessing = 0;
		};
/* End PBXFrameworksBuildPhase section */

/* Begin PBXGroup section */
		9878CBB124434BA30068B043 = {
			isa = PBXGroup;
			children = (
				9878CBBC24434BA30068B043 /* MovieChecker */,
				9878CBD324434BA40068B043 /* MovieCheckerTests */,
				9878CBDE24434BA40068B043 /* MovieCheckerUITests */,
				9878CBBB24434BA30068B043 /* Products */,
				DF209DB40228C8726456D3C4 /* Pods */,
				C2753FEF8E8F1CB502DFCC56 /* Frameworks */,
			);
			sourceTree = "<group>";
		};
		9878CBBB24434BA30068B043 /* Products */ = {
			isa = PBXGroup;
			children = (
				9878CBBA24434BA30068B043 /* MovieChecker.app */,
				9878CBD024434BA40068B043 /* MovieCheckerTests.xctest */,
				9878CBDB24434BA40068B043 /* MovieCheckerUITests.xctest */,
			);
			name = Products;
			sourceTree = "<group>";
		};
		9878CBBC24434BA30068B043 /* MovieChecker */ = {
			isa = PBXGroup;
			children = (
				9878CBBD24434BA30068B043 /* AppDelegate.swift */,
				9878CBBF24434BA30068B043 /* SceneDelegate.swift */,
				9878CBC124434BA30068B043 /* ViewController.swift */,
				9878CBC324434BA30068B043 /* Main.storyboard */,
				9872FE94245C0691004E3CC3 /* TVShowsTableViewCell.swift */,
				9863642A2445A292001AB0CA /* MainTabBarController.swift */,
				9878CBC624434BA40068B043 /* Assets.xcassets */,
				9878CBC824434BA40068B043 /* LaunchScreen.storyboard */,
				9878CBCB24434BA40068B043 /* Info.plist */,
				96109969246BD94C00BC867F /* GoogleService-Info.plist */,
				98B114AB24446456000A284D /* HomePageViewController.swift */,
				9835229B2446F6A100F530B5 /* NewPageViewController.swift */,
				9835229D2446F8C700F530B5 /* MainNavigationController.swift */,
				984B27A52449821E003D84D1 /* MoviesViewController.swift */,
				984B27A724498248003D84D1 /* TVShowsViewController.swift */,
				984B27AF24498B89003D84D1 /* MoviesTableViewController.swift */,
				9872FE96245C06C0004E3CC3 /* TVShowsTableViewController.swift */,
				984B27B124499209003D84D1 /* MovieTableViewCell.swift */,
			);
			path = MovieChecker;
			sourceTree = "<group>";
		};
		9878CBD324434BA40068B043 /* MovieCheckerTests */ = {
			isa = PBXGroup;
			children = (
				9878CBD424434BA40068B043 /* MovieCheckerTests.swift */,
				9878CBD624434BA40068B043 /* Info.plist */,
			);
			path = MovieCheckerTests;
			sourceTree = "<group>";
		};
		9878CBDE24434BA40068B043 /* MovieCheckerUITests */ = {
			isa = PBXGroup;
			children = (
				9878CBDF24434BA40068B043 /* MovieCheckerUITests.swift */,
				9878CBE124434BA40068B043 /* Info.plist */,
			);
			path = MovieCheckerUITests;
			sourceTree = "<group>";
		};
		C2753FEF8E8F1CB502DFCC56 /* Frameworks */ = {
			isa = PBXGroup;
			children = (
				D0855E5976933503242CA75A /* Pods_MovieChecker.framework */,
				8C98D21854DC4EF5A9A2A415 /* Pods_MovieChecker_MovieCheckerUITests.framework */,
				AD73150E86DB6FA1C0666559 /* Pods_MovieCheckerTests.framework */,
			);
			name = Frameworks;
			sourceTree = "<group>";
		};
		DF209DB40228C8726456D3C4 /* Pods */ = {
			isa = PBXGroup;
			children = (
				C104B6D4FDEBBE627CEFDAB2 /* Pods-MovieChecker.debug.xcconfig */,
				A1EA9B7A67FA7B79C9157126 /* Pods-MovieChecker.release.xcconfig */,
				06F9D2F396612F45366E7524 /* Pods-MovieChecker-MovieCheckerUITests.debug.xcconfig */,
				E69D16A7BCFB890E55980C05 /* Pods-MovieChecker-MovieCheckerUITests.release.xcconfig */,
				2082E8A21536FB4F9EC21832 /* Pods-MovieCheckerTests.debug.xcconfig */,
				606D08CDDD2E1A80EC2585D2 /* Pods-MovieCheckerTests.release.xcconfig */,
			);
			path = Pods;
			sourceTree = "<group>";
		};
/* End PBXGroup section */

/* Begin PBXNativeTarget section */
		9878CBB924434BA30068B043 /* MovieChecker */ = {
			isa = PBXNativeTarget;
			buildConfigurationList = 9878CBE424434BA40068B043 /* Build configuration list for PBXNativeTarget "MovieChecker" */;
			buildPhases = (
				D1E09C195FB2EECD03FB5154 /* [CP] Check Pods Manifest.lock */,
				9878CBB624434BA30068B043 /* Sources */,
				9878CBB724434BA30068B043 /* Frameworks */,
				9878CBB824434BA30068B043 /* Resources */,
				DB3FE354FD850D3E90C82A74 /* [CP] Embed Pods Frameworks */,
				F7882D0B4B0445122F887096 /* [CP] Copy Pods Resources */,
			);
			buildRules = (
			);
			dependencies = (
			);
			name = MovieChecker;
			productName = MovieChecker;
			productReference = 9878CBBA24434BA30068B043 /* MovieChecker.app */;
			productType = "com.apple.product-type.application";
		};
		9878CBCF24434BA40068B043 /* MovieCheckerTests */ = {
			isa = PBXNativeTarget;
			buildConfigurationList = 9878CBE724434BA40068B043 /* Build configuration list for PBXNativeTarget "MovieCheckerTests" */;
			buildPhases = (
				2D22EC2BC57D11D1FACF7AB6 /* [CP] Check Pods Manifest.lock */,
				9878CBCC24434BA40068B043 /* Sources */,
				9878CBCD24434BA40068B043 /* Frameworks */,
				9878CBCE24434BA40068B043 /* Resources */,
			);
			buildRules = (
			);
			dependencies = (
				9878CBD224434BA40068B043 /* PBXTargetDependency */,
			);
			name = MovieCheckerTests;
			productName = MovieCheckerTests;
			productReference = 9878CBD024434BA40068B043 /* MovieCheckerTests.xctest */;
			productType = "com.apple.product-type.bundle.unit-test";
		};
		9878CBDA24434BA40068B043 /* MovieCheckerUITests */ = {
			isa = PBXNativeTarget;
			buildConfigurationList = 9878CBEA24434BA40068B043 /* Build configuration list for PBXNativeTarget "MovieCheckerUITests" */;
			buildPhases = (
				56B24FEEC470A144A1D41F03 /* [CP] Check Pods Manifest.lock */,
				9878CBD724434BA40068B043 /* Sources */,
				9878CBD824434BA40068B043 /* Frameworks */,
				9878CBD924434BA40068B043 /* Resources */,
				8FCD888604BF2241B0143E23 /* [CP] Embed Pods Frameworks */,
				C6F98F79ED92766D8379B5D5 /* [CP] Copy Pods Resources */,
			);
			buildRules = (
			);
			dependencies = (
				9878CBDD24434BA40068B043 /* PBXTargetDependency */,
			);
			name = MovieCheckerUITests;
			productName = MovieCheckerUITests;
			productReference = 9878CBDB24434BA40068B043 /* MovieCheckerUITests.xctest */;
			productType = "com.apple.product-type.bundle.ui-testing";
		};
/* End PBXNativeTarget section */

/* Begin PBXProject section */
		9878CBB224434BA30068B043 /* Project object */ = {
			isa = PBXProject;
			attributes = {
				LastSwiftUpdateCheck = 1130;
				LastUpgradeCheck = 1130;
				ORGANIZATIONNAME = user169883;
				TargetAttributes = {
					9878CBB924434BA30068B043 = {
						CreatedOnToolsVersion = 11.3;
					};
					9878CBCF24434BA40068B043 = {
						CreatedOnToolsVersion = 11.3;
						TestTargetID = 9878CBB924434BA30068B043;
					};
					9878CBDA24434BA40068B043 = {
						CreatedOnToolsVersion = 11.3;
						TestTargetID = 9878CBB924434BA30068B043;
					};
				};
			};
			buildConfigurationList = 9878CBB524434BA30068B043 /* Build configuration list for PBXProject "MovieChecker" */;
			compatibilityVersion = "Xcode 9.3";
			developmentRegion = en;
			hasScannedForEncodings = 0;
			knownRegions = (
				en,
				Base,
			);
			mainGroup = 9878CBB124434BA30068B043;
			productRefGroup = 9878CBBB24434BA30068B043 /* Products */;
			projectDirPath = "";
			projectRoot = "";
			targets = (
				9878CBB924434BA30068B043 /* MovieChecker */,
				9878CBCF24434BA40068B043 /* MovieCheckerTests */,
				9878CBDA24434BA40068B043 /* MovieCheckerUITests */,
			);
		};
/* End PBXProject section */

/* Begin PBXResourcesBuildPhase section */
		9878CBB824434BA30068B043 /* Resources */ = {
			isa = PBXResourcesBuildPhase;
			buildActionMask = 2147483647;
			files = (
				9878CBCA24434BA40068B043 /* LaunchScreen.storyboard in Resources */,
				9610996A246BD94C00BC867F /* GoogleService-Info.plist in Resources */,
				9878CBC724434BA40068B043 /* Assets.xcassets in Resources */,
				9878CBC524434BA30068B043 /* Main.storyboard in Resources */,
			);
			runOnlyForDeploymentPostprocessing = 0;
		};
		9878CBCE24434BA40068B043 /* Resources */ = {
			isa = PBXResourcesBuildPhase;
			buildActionMask = 2147483647;
			files = (
			);
			runOnlyForDeploymentPostprocessing = 0;
		};
		9878CBD924434BA40068B043 /* Resources */ = {
			isa = PBXResourcesBuildPhase;
			buildActionMask = 2147483647;
			files = (
			);
			runOnlyForDeploymentPostprocessing = 0;
		};
/* End PBXResourcesBuildPhase section */

/* Begin PBXShellScriptBuildPhase section */
		2D22EC2BC57D11D1FACF7AB6 /* [CP] Check Pods Manifest.lock */ = {
			isa = PBXShellScriptBuildPhase;
			buildActionMask = 2147483647;
			files = (
			);
			inputFileListPaths = (
			);
			inputPaths = (
				"${PODS_PODFILE_DIR_PATH}/Podfile.lock",
				"${PODS_ROOT}/Manifest.lock",
			);
			name = "[CP] Check Pods Manifest.lock";
			outputFileListPaths = (
			);
			outputPaths = (
				"$(DERIVED_FILE_DIR)/Pods-MovieCheckerTests-checkManifestLockResult.txt",
			);
			runOnlyForDeploymentPostprocessing = 0;
			shellPath = /bin/sh;
			shellScript = "diff \"${PODS_PODFILE_DIR_PATH}/Podfile.lock\" \"${PODS_ROOT}/Manifest.lock\" > /dev/null\nif [ $? != 0 ] ; then\n    # print error to STDERR\n    echo \"error: The sandbox is not in sync with the Podfile.lock. Run 'pod install' or update your CocoaPods installation.\" >&2\n    exit 1\nfi\n# This output is used by Xcode 'outputs' to avoid re-running this script phase.\necho \"SUCCESS\" > \"${SCRIPT_OUTPUT_FILE_0}\"\n";
			showEnvVarsInLog = 0;
		};
		56B24FEEC470A144A1D41F03 /* [CP] Check Pods Manifest.lock */ = {
			isa = PBXShellScriptBuildPhase;
			buildActionMask = 2147483647;
			files = (
			);
			inputFileListPaths = (
			);
			inputPaths = (
				"${PODS_PODFILE_DIR_PATH}/Podfile.lock",
				"${PODS_ROOT}/Manifest.lock",
			);
			name = "[CP] Check Pods Manifest.lock";
			outputFileListPaths = (
			);
			outputPaths = (
				"$(DERIVED_FILE_DIR)/Pods-MovieChecker-MovieCheckerUITests-checkManifestLockResult.txt",
			);
			runOnlyForDeploymentPostprocessing = 0;
			shellPath = /bin/sh;
			shellScript = "diff \"${PODS_PODFILE_DIR_PATH}/Podfile.lock\" \"${PODS_ROOT}/Manifest.lock\" > /dev/null\nif [ $? != 0 ] ; then\n    # print error to STDERR\n    echo \"error: The sandbox is not in sync with the Podfile.lock. Run 'pod install' or update your CocoaPods installation.\" >&2\n    exit 1\nfi\n# This output is used by Xcode 'outputs' to avoid re-running this script phase.\necho \"SUCCESS\" > \"${SCRIPT_OUTPUT_FILE_0}\"\n";
			showEnvVarsInLog = 0;
		};
		8FCD888604BF2241B0143E23 /* [CP] Embed Pods Frameworks */ = {
			isa = PBXShellScriptBuildPhase;
			buildActionMask = 2147483647;
			files = (
			);
			inputFileListPaths = (
				"${PODS_ROOT}/Target Support Files/Pods-MovieChecker-MovieCheckerUITests/Pods-MovieChecker-MovieCheckerUITests-frameworks-${CONFIGURATION}-input-files.xcfilelist",
			);
			name = "[CP] Embed Pods Frameworks";
			outputFileListPaths = (
				"${PODS_ROOT}/Target Support Files/Pods-MovieChecker-MovieCheckerUITests/Pods-MovieChecker-MovieCheckerUITests-frameworks-${CONFIGURATION}-output-files.xcfilelist",
			);
			runOnlyForDeploymentPostprocessing = 0;
			shellPath = /bin/sh;
			shellScript = "\"${PODS_ROOT}/Target Support Files/Pods-MovieChecker-MovieCheckerUITests/Pods-MovieChecker-MovieCheckerUITests-frameworks.sh\"\n";
			showEnvVarsInLog = 0;
		};
		C6F98F79ED92766D8379B5D5 /* [CP] Copy Pods Resources */ = {
			isa = PBXShellScriptBuildPhase;
			buildActionMask = 2147483647;
			files = (
			);
			inputFileListPaths = (
				"${PODS_ROOT}/Target Support Files/Pods-MovieChecker-MovieCheckerUITests/Pods-MovieChecker-MovieCheckerUITests-resources-${CONFIGURATION}-input-files.xcfilelist",
			);
			name = "[CP] Copy Pods Resources";
			outputFileListPaths = (
				"${PODS_ROOT}/Target Support Files/Pods-MovieChecker-MovieCheckerUITests/Pods-MovieChecker-MovieCheckerUITests-resources-${CONFIGURATION}-output-files.xcfilelist",
			);
			runOnlyForDeploymentPostprocessing = 0;
			shellPath = /bin/sh;
			shellScript = "\"${PODS_ROOT}/Target Support Files/Pods-MovieChecker-MovieCheckerUITests/Pods-MovieChecker-MovieCheckerUITests-resources.sh\"\n";
			showEnvVarsInLog = 0;
		};
		D1E09C195FB2EECD03FB5154 /* [CP] Check Pods Manifest.lock */ = {
			isa = PBXShellScriptBuildPhase;
			buildActionMask = 2147483647;
			files = (
			);
			inputFileListPaths = (
			);
			inputPaths = (
				"${PODS_PODFILE_DIR_PATH}/Podfile.lock",
				"${PODS_ROOT}/Manifest.lock",
			);
			name = "[CP] Check Pods Manifest.lock";
			outputFileListPaths = (
			);
			outputPaths = (
				"$(DERIVED_FILE_DIR)/Pods-MovieChecker-checkManifestLockResult.txt",
			);
			runOnlyForDeploymentPostprocessing = 0;
			shellPath = /bin/sh;
			shellScript = "diff \"${PODS_PODFILE_DIR_PATH}/Podfile.lock\" \"${PODS_ROOT}/Manifest.lock\" > /dev/null\nif [ $? != 0 ] ; then\n    # print error to STDERR\n    echo \"error: The sandbox is not in sync with the Podfile.lock. Run 'pod install' or update your CocoaPods installation.\" >&2\n    exit 1\nfi\n# This output is used by Xcode 'outputs' to avoid re-running this script phase.\necho \"SUCCESS\" > \"${SCRIPT_OUTPUT_FILE_0}\"\n";
			showEnvVarsInLog = 0;
		};
		DB3FE354FD850D3E90C82A74 /* [CP] Embed Pods Frameworks */ = {
			isa = PBXShellScriptBuildPhase;
			buildActionMask = 2147483647;
			files = (
			);
			inputFileListPaths = (
				"${PODS_ROOT}/Target Support Files/Pods-MovieChecker/Pods-MovieChecker-frameworks-${CONFIGURATION}-input-files.xcfilelist",
			);
			name = "[CP] Embed Pods Frameworks";
			outputFileListPaths = (
				"${PODS_ROOT}/Target Support Files/Pods-MovieChecker/Pods-MovieChecker-frameworks-${CONFIGURATION}-output-files.xcfilelist",
			);
			runOnlyForDeploymentPostprocessing = 0;
			shellPath = /bin/sh;
			shellScript = "\"${PODS_ROOT}/Target Support Files/Pods-MovieChecker/Pods-MovieChecker-frameworks.sh\"\n";
			showEnvVarsInLog = 0;
		};
		F7882D0B4B0445122F887096 /* [CP] Copy Pods Resources */ = {
			isa = PBXShellScriptBuildPhase;
			buildActionMask = 2147483647;
			files = (
			);
			inputFileListPaths = (
				"${PODS_ROOT}/Target Support Files/Pods-MovieChecker/Pods-MovieChecker-resources-${CONFIGURATION}-input-files.xcfilelist",
			);
			name = "[CP] Copy Pods Resources";
			outputFileListPaths = (
				"${PODS_ROOT}/Target Support Files/Pods-MovieChecker/Pods-MovieChecker-resources-${CONFIGURATION}-output-files.xcfilelist",
			);
			runOnlyForDeploymentPostprocessing = 0;
			shellPath = /bin/sh;
			shellScript = "\"${PODS_ROOT}/Target Support Files/Pods-MovieChecker/Pods-MovieChecker-resources.sh\"\n";
			showEnvVarsInLog = 0;
		};
/* End PBXShellScriptBuildPhase section */

/* Begin PBXSourcesBuildPhase section */
		9878CBB624434BA30068B043 /* Sources */ = {
			isa = PBXSourcesBuildPhase;
			buildActionMask = 2147483647;
			files = (
				984B27A824498248003D84D1 /* TVShowsViewController.swift in Sources */,
				98B114AC24446456000A284D /* HomePageViewController.swift in Sources */,
				9872FE95245C0691004E3CC3 /* TVShowsTableViewCell.swift in Sources */,
				9863642B2445A292001AB0CA /* MainTabBarController.swift in Sources */,
				9835229C2446F6A100F530B5 /* NewPageViewController.swift in Sources */,
				9878CBC224434BA30068B043 /* ViewController.swift in Sources */,
				9835229E2446F8C700F530B5 /* MainNavigationController.swift in Sources */,
				9878CBBE24434BA30068B043 /* AppDelegate.swift in Sources */,
				9872FE97245C06C0004E3CC3 /* TVShowsTableViewController.swift in Sources */,
				984B27B024498B89003D84D1 /* MoviesTableViewController.swift in Sources */,
				9878CBC024434BA30068B043 /* SceneDelegate.swift in Sources */,
				984B27B224499209003D84D1 /* MovieTableViewCell.swift in Sources */,
				984B27A62449821E003D84D1 /* MoviesViewController.swift in Sources */,
			);
			runOnlyForDeploymentPostprocessing = 0;
		};
		9878CBCC24434BA40068B043 /* Sources */ = {
			isa = PBXSourcesBuildPhase;
			buildActionMask = 2147483647;
			files = (
				9878CBD524434BA40068B043 /* MovieCheckerTests.swift in Sources */,
			);
			runOnlyForDeploymentPostprocessing = 0;
		};
		9878CBD724434BA40068B043 /* Sources */ = {
			isa = PBXSourcesBuildPhase;
			buildActionMask = 2147483647;
			files = (
				9878CBE024434BA40068B043 /* MovieCheckerUITests.swift in Sources */,
			);
			runOnlyForDeploymentPostprocessing = 0;
		};
/* End PBXSourcesBuildPhase section */

/* Begin PBXTargetDependency section */
		9878CBD224434BA40068B043 /* PBXTargetDependency */ = {
			isa = PBXTargetDependency;
			target = 9878CBB924434BA30068B043 /* MovieChecker */;
			targetProxy = 9878CBD124434BA40068B043 /* PBXContainerItemProxy */;
		};
		9878CBDD24434BA40068B043 /* PBXTargetDependency */ = {
			isa = PBXTargetDependency;
			target = 9878CBB924434BA30068B043 /* MovieChecker */;
			targetProxy = 9878CBDC24434BA40068B043 /* PBXContainerItemProxy */;
		};
/* End PBXTargetDependency section */

/* Begin PBXVariantGroup section */
		9878CBC324434BA30068B043 /* Main.storyboard */ = {
			isa = PBXVariantGroup;
			children = (
				9878CBC424434BA30068B043 /* Base */,
			);
			name = Main.storyboard;
			sourceTree = "<group>";
		};
		9878CBC824434BA40068B043 /* LaunchScreen.storyboard */ = {
			isa = PBXVariantGroup;
			children = (
				9878CBC924434BA40068B043 /* Base */,
			);
			name = LaunchScreen.storyboard;
			sourceTree = "<group>";
		};
/* End PBXVariantGroup section */

/* Begin XCBuildConfiguration section */
		9878CBE224434BA40068B043 /* Debug */ = {
			isa = XCBuildConfiguration;
			buildSettings = {
				ALWAYS_SEARCH_USER_PATHS = NO;
				CLANG_ANALYZER_NONNULL = YES;
				CLANG_ANALYZER_NUMBER_OBJECT_CONVERSION = YES_AGGRESSIVE;
				CLANG_CXX_LANGUAGE_STANDARD = "gnu++14";
				CLANG_CXX_LIBRARY = "libc++";
				CLANG_ENABLE_MODULES = YES;
				CLANG_ENABLE_OBJC_ARC = YES;
				CLANG_ENABLE_OBJC_WEAK = YES;
				CLANG_WARN_BLOCK_CAPTURE_AUTORELEASING = YES;
				CLANG_WARN_BOOL_CONVERSION = YES;
				CLANG_WARN_COMMA = YES;
				CLANG_WARN_CONSTANT_CONVERSION = YES;
				CLANG_WARN_DEPRECATED_OBJC_IMPLEMENTATIONS = YES;
				CLANG_WARN_DIRECT_OBJC_ISA_USAGE = YES_ERROR;
				CLANG_WARN_DOCUMENTATION_COMMENTS = YES;
				CLANG_WARN_EMPTY_BODY = YES;
				CLANG_WARN_ENUM_CONVERSION = YES;
				CLANG_WARN_INFINITE_RECURSION = YES;
				CLANG_WARN_INT_CONVERSION = YES;
				CLANG_WARN_NON_LITERAL_NULL_CONVERSION = YES;
				CLANG_WARN_OBJC_IMPLICIT_RETAIN_SELF = YES;
				CLANG_WARN_OBJC_LITERAL_CONVERSION = YES;
				CLANG_WARN_OBJC_ROOT_CLASS = YES_ERROR;
				CLANG_WARN_RANGE_LOOP_ANALYSIS = YES;
				CLANG_WARN_STRICT_PROTOTYPES = YES;
				CLANG_WARN_SUSPICIOUS_MOVE = YES;
				CLANG_WARN_UNGUARDED_AVAILABILITY = YES_AGGRESSIVE;
				CLANG_WARN_UNREACHABLE_CODE = YES;
				CLANG_WARN__DUPLICATE_METHOD_MATCH = YES;
				COPY_PHASE_STRIP = NO;
				DEBUG_INFORMATION_FORMAT = dwarf;
				ENABLE_STRICT_OBJC_MSGSEND = YES;
				ENABLE_TESTABILITY = YES;
				GCC_C_LANGUAGE_STANDARD = gnu11;
				GCC_DYNAMIC_NO_PIC = NO;
				GCC_NO_COMMON_BLOCKS = YES;
				GCC_OPTIMIZATION_LEVEL = 0;
				GCC_PREPROCESSOR_DEFINITIONS = (
					"DEBUG=1",
					"$(inherited)",
				);
				GCC_WARN_64_TO_32_BIT_CONVERSION = YES;
				GCC_WARN_ABOUT_RETURN_TYPE = YES_ERROR;
				GCC_WARN_UNDECLARED_SELECTOR = YES;
				GCC_WARN_UNINITIALIZED_AUTOS = YES_AGGRESSIVE;
				GCC_WARN_UNUSED_FUNCTION = YES;
				GCC_WARN_UNUSED_VARIABLE = YES;
				IPHONEOS_DEPLOYMENT_TARGET = 13.2;
				MTL_ENABLE_DEBUG_INFO = INCLUDE_SOURCE;
				MTL_FAST_MATH = YES;
				ONLY_ACTIVE_ARCH = YES;
				SDKROOT = iphoneos;
				SWIFT_ACTIVE_COMPILATION_CONDITIONS = DEBUG;
				SWIFT_OPTIMIZATION_LEVEL = "-Onone";
			};
			name = Debug;
		};
		9878CBE324434BA40068B043 /* Release */ = {
			isa = XCBuildConfiguration;
			buildSettings = {
				ALWAYS_SEARCH_USER_PATHS = NO;
				CLANG_ANALYZER_NONNULL = YES;
				CLANG_ANALYZER_NUMBER_OBJECT_CONVERSION = YES_AGGRESSIVE;
				CLANG_CXX_LANGUAGE_STANDARD = "gnu++14";
				CLANG_CXX_LIBRARY = "libc++";
				CLANG_ENABLE_MODULES = YES;
				CLANG_ENABLE_OBJC_ARC = YES;
				CLANG_ENABLE_OBJC_WEAK = YES;
				CLANG_WARN_BLOCK_CAPTURE_AUTORELEASING = YES;
				CLANG_WARN_BOOL_CONVERSION = YES;
				CLANG_WARN_COMMA = YES;
				CLANG_WARN_CONSTANT_CONVERSION = YES;
				CLANG_WARN_DEPRECATED_OBJC_IMPLEMENTATIONS = YES;
				CLANG_WARN_DIRECT_OBJC_ISA_USAGE = YES_ERROR;
				CLANG_WARN_DOCUMENTATION_COMMENTS = YES;
				CLANG_WARN_EMPTY_BODY = YES;
				CLANG_WARN_ENUM_CONVERSION = YES;
				CLANG_WARN_INFINITE_RECURSION = YES;
				CLANG_WARN_INT_CONVERSION = YES;
				CLANG_WARN_NON_LITERAL_NULL_CONVERSION = YES;
				CLANG_WARN_OBJC_IMPLICIT_RETAIN_SELF = YES;
				CLANG_WARN_OBJC_LITERAL_CONVERSION = YES;
				CLANG_WARN_OBJC_ROOT_CLASS = YES_ERROR;
				CLANG_WARN_RANGE_LOOP_ANALYSIS = YES;
				CLANG_WARN_STRICT_PROTOTYPES = YES;
				CLANG_WARN_SUSPICIOUS_MOVE = YES;
				CLANG_WARN_UNGUARDED_AVAILABILITY = YES_AGGRESSIVE;
				CLANG_WARN_UNREACHABLE_CODE = YES;
				CLANG_WARN__DUPLICATE_METHOD_MATCH = YES;
				COPY_PHASE_STRIP = NO;
				DEBUG_INFORMATION_FORMAT = "dwarf-with-dsym";
				ENABLE_NS_ASSERTIONS = NO;
				ENABLE_STRICT_OBJC_MSGSEND = YES;
				GCC_C_LANGUAGE_STANDARD = gnu11;
				GCC_NO_COMMON_BLOCKS = YES;
				GCC_WARN_64_TO_32_BIT_CONVERSION = YES;
				GCC_WARN_ABOUT_RETURN_TYPE = YES_ERROR;
				GCC_WARN_UNDECLARED_SELECTOR = YES;
				GCC_WARN_UNINITIALIZED_AUTOS = YES_AGGRESSIVE;
				GCC_WARN_UNUSED_FUNCTION = YES;
				GCC_WARN_UNUSED_VARIABLE = YES;
				IPHONEOS_DEPLOYMENT_TARGET = 13.2;
				MTL_ENABLE_DEBUG_INFO = NO;
				MTL_FAST_MATH = YES;
				SDKROOT = iphoneos;
				SWIFT_COMPILATION_MODE = wholemodule;
				SWIFT_OPTIMIZATION_LEVEL = "-O";
				VALIDATE_PRODUCT = YES;
			};
			name = Release;
		};
		9878CBE524434BA40068B043 /* Debug */ = {
			isa = XCBuildConfiguration;
			baseConfigurationReference = C104B6D4FDEBBE627CEFDAB2 /* Pods-MovieChecker.debug.xcconfig */;
			buildSettings = {
				ASSETCATALOG_COMPILER_APPICON_NAME = AppIcon;
				CODE_SIGN_STYLE = Automatic;
				INFOPLIST_FILE = MovieChecker/Info.plist;
				LD_RUNPATH_SEARCH_PATHS = (
					"$(inherited)",
					"@executable_path/Frameworks",
				);
				PRODUCT_BUNDLE_IDENTIFIER = com.optional.moviechecker;
				PRODUCT_NAME = "$(TARGET_NAME)";
				SWIFT_VERSION = 5.0;
				TARGETED_DEVICE_FAMILY = "1,2";
			};
			name = Debug;
		};
		9878CBE624434BA40068B043 /* Release */ = {
			isa = XCBuildConfiguration;
			baseConfigurationReference = A1EA9B7A67FA7B79C9157126 /* Pods-MovieChecker.release.xcconfig */;
			buildSettings = {
				ASSETCATALOG_COMPILER_APPICON_NAME = AppIcon;
				CODE_SIGN_STYLE = Automatic;
				INFOPLIST_FILE = MovieChecker/Info.plist;
				LD_RUNPATH_SEARCH_PATHS = (
					"$(inherited)",
					"@executable_path/Frameworks",
				);
				PRODUCT_BUNDLE_IDENTIFIER = com.optional.moviechecker;
				PRODUCT_NAME = "$(TARGET_NAME)";
				SWIFT_VERSION = 5.0;
				TARGETED_DEVICE_FAMILY = "1,2";
			};
			name = Release;
		};
		9878CBE824434BA40068B043 /* Debug */ = {
			isa = XCBuildConfiguration;
			baseConfigurationReference = 2082E8A21536FB4F9EC21832 /* Pods-MovieCheckerTests.debug.xcconfig */;
			buildSettings = {
				ALWAYS_EMBED_SWIFT_STANDARD_LIBRARIES = YES;
				BUNDLE_LOADER = "$(TEST_HOST)";
				CODE_SIGN_STYLE = Automatic;
				INFOPLIST_FILE = MovieCheckerTests/Info.plist;
				IPHONEOS_DEPLOYMENT_TARGET = 13.2;
				LD_RUNPATH_SEARCH_PATHS = (
					"$(inherited)",
					"@executable_path/Frameworks",
					"@loader_path/Frameworks",
				);
				PRODUCT_BUNDLE_IDENTIFIER = com.optional.MovieCheckerTests;
				PRODUCT_NAME = "$(TARGET_NAME)";
				SWIFT_VERSION = 5.0;
				TARGETED_DEVICE_FAMILY = "1,2";
				TEST_HOST = "$(BUILT_PRODUCTS_DIR)/MovieChecker.app/MovieChecker";
			};
			name = Debug;
		};
		9878CBE924434BA40068B043 /* Release */ = {
			isa = XCBuildConfiguration;
			baseConfigurationReference = 606D08CDDD2E1A80EC2585D2 /* Pods-MovieCheckerTests.release.xcconfig */;
			buildSettings = {
				ALWAYS_EMBED_SWIFT_STANDARD_LIBRARIES = YES;
				BUNDLE_LOADER = "$(TEST_HOST)";
				CODE_SIGN_STYLE = Automatic;
				INFOPLIST_FILE = MovieCheckerTests/Info.plist;
				IPHONEOS_DEPLOYMENT_TARGET = 13.2;
				LD_RUNPATH_SEARCH_PATHS = (
					"$(inherited)",
					"@executable_path/Frameworks",
					"@loader_path/Frameworks",
				);
				PRODUCT_BUNDLE_IDENTIFIER = com.optional.MovieCheckerTests;
				PRODUCT_NAME = "$(TARGET_NAME)";
				SWIFT_VERSION = 5.0;
				TARGETED_DEVICE_FAMILY = "1,2";
				TEST_HOST = "$(BUILT_PRODUCTS_DIR)/MovieChecker.app/MovieChecker";
			};
			name = Release;
		};
		9878CBEB24434BA40068B043 /* Debug */ = {
			isa = XCBuildConfiguration;
			baseConfigurationReference = 06F9D2F396612F45366E7524 /* Pods-MovieChecker-MovieCheckerUITests.debug.xcconfig */;
			buildSettings = {
				ALWAYS_EMBED_SWIFT_STANDARD_LIBRARIES = YES;
				CODE_SIGN_STYLE = Automatic;
				INFOPLIST_FILE = MovieCheckerUITests/Info.plist;
				LD_RUNPATH_SEARCH_PATHS = (
					"$(inherited)",
					"@executable_path/Frameworks",
					"@loader_path/Frameworks",
				);
				PRODUCT_BUNDLE_IDENTIFIER = com.optional.MovieCheckerUITests;
				PRODUCT_NAME = "$(TARGET_NAME)";
				SWIFT_VERSION = 5.0;
				TARGETED_DEVICE_FAMILY = "1,2";
				TEST_TARGET_NAME = MovieChecker;
			};
			name = Debug;
		};
		9878CBEC24434BA40068B043 /* Release */ = {
			isa = XCBuildConfiguration;
			baseConfigurationReference = E69D16A7BCFB890E55980C05 /* Pods-MovieChecker-MovieCheckerUITests.release.xcconfig */;
			buildSettings = {
				ALWAYS_EMBED_SWIFT_STANDARD_LIBRARIES = YES;
				CODE_SIGN_STYLE = Automatic;
				INFOPLIST_FILE = MovieCheckerUITests/Info.plist;
				LD_RUNPATH_SEARCH_PATHS = (
					"$(inherited)",
					"@executable_path/Frameworks",
					"@loader_path/Frameworks",
				);
				PRODUCT_BUNDLE_IDENTIFIER = com.optional.MovieCheckerUITests;
				PRODUCT_NAME = "$(TARGET_NAME)";
				SWIFT_VERSION = 5.0;
				TARGETED_DEVICE_FAMILY = "1,2";
				TEST_TARGET_NAME = MovieChecker;
			};
			name = Release;
		};
/* End XCBuildConfiguration section */

/* Begin XCConfigurationList section */
		9878CBB524434BA30068B043 /* Build configuration list for PBXProject "MovieChecker" */ = {
			isa = XCConfigurationList;
			buildConfigurations = (
				9878CBE224434BA40068B043 /* Debug */,
				9878CBE324434BA40068B043 /* Release */,
			);
			defaultConfigurationIsVisible = 0;
			defaultConfigurationName = Release;
		};
		9878CBE424434BA40068B043 /* Build configuration list for PBXNativeTarget "MovieChecker" */ = {
			isa = XCConfigurationList;
			buildConfigurations = (
				9878CBE524434BA40068B043 /* Debug */,
				9878CBE624434BA40068B043 /* Release */,
			);
			defaultConfigurationIsVisible = 0;
			defaultConfigurationName = Release;
		};
		9878CBE724434BA40068B043 /* Build configuration list for PBXNativeTarget "MovieCheckerTests" */ = {
			isa = XCConfigurationList;
			buildConfigurations = (
				9878CBE824434BA40068B043 /* Debug */,
				9878CBE924434BA40068B043 /* Release */,
			);
			defaultConfigurationIsVisible = 0;
			defaultConfigurationName = Release;
		};
		9878CBEA24434BA40068B043 /* Build configuration list for PBXNativeTarget "MovieCheckerUITests" */ = {
			isa = XCConfigurationList;
			buildConfigurations = (
				9878CBEB24434BA40068B043 /* Debug */,
				9878CBEC24434BA40068B043 /* Release */,
			);
			defaultConfigurationIsVisible = 0;
			defaultConfigurationName = Release;
		};
/* End XCConfigurationList section */
	};
	rootObject = 9878CBB224434BA30068B043 /* Project object */;
}
